// !$*UTF8*$!
{
	archiveVersion = 1;
	classes = {
	};
	objectVersion = 46;
	objects = {

/* Begin PBXBuildFile section */
		AA6D12EE1AC304A2007A2019 /* AppDelegate.swift in Sources */ = {isa = PBXBuildFile; fileRef = AA6D12ED1AC304A2007A2019 /* AppDelegate.swift */; };
		AA6D12F01AC304A2007A2019 /* ViewController.swift in Sources */ = {isa = PBXBuildFile; fileRef = AA6D12EF1AC304A2007A2019 /* ViewController.swift */; };
		AA6D12F51AC304A2007A2019 /* Images.xcassets in Resources */ = {isa = PBXBuildFile; fileRef = AA6D12F41AC304A2007A2019 /* Images.xcassets */; };
		AA6D12F81AC304A2007A2019 /* LaunchScreen.xib in Resources */ = {isa = PBXBuildFile; fileRef = AA6D12F61AC304A2007A2019 /* LaunchScreen.xib */; };
		AA6D13041AC304A2007A2019 /* TableViewTests.swift in Sources */ = {isa = PBXBuildFile; fileRef = AA6D13031AC304A2007A2019 /* TableViewTests.swift */; };
		EC17F35F1B19AFEE00E8917D /* TimeMachine.swift in Sources */ = {isa = PBXBuildFile; fileRef = EC17F35E1B19AFEE00E8917D /* TimeMachine.swift */; };
		EC17F3611B19B0BA00E8917D /* TimeMachineTests.swift in Sources */ = {isa = PBXBuildFile; fileRef = EC17F3601B19B0BA00E8917D /* TimeMachineTests.swift */; };
/* End PBXBuildFile section */

/* Begin PBXContainerItemProxy section */
		AA6D12FE1AC304A2007A2019 /* PBXContainerItemProxy */ = {
			isa = PBXContainerItemProxy;
			containerPortal = AA6D12E01AC304A2007A2019 /* Project object */;
			proxyType = 1;
			remoteGlobalIDString = AA6D12E71AC304A2007A2019;
			remoteInfo = TableView;
		};
/* End PBXContainerItemProxy section */

/* Begin PBXFileReference section */
		AA6D12E81AC304A2007A2019 /* TableView.app */ = {isa = PBXFileReference; explicitFileType = wrapper.application; includeInIndex = 0; path = TableView.app; sourceTree = BUILT_PRODUCTS_DIR; };
		AA6D12EC1AC304A2007A2019 /* Info.plist */ = {isa = PBXFileReference; lastKnownFileType = text.plist.xml; path = Info.plist; sourceTree = "<group>"; };
		AA6D12ED1AC304A2007A2019 /* AppDelegate.swift */ = {isa = PBXFileReference; lastKnownFileType = sourcecode.swift; path = AppDelegate.swift; sourceTree = "<group>"; };
		AA6D12EF1AC304A2007A2019 /* ViewController.swift */ = {isa = PBXFileReference; lastKnownFileType = sourcecode.swift; path = ViewController.swift; sourceTree = "<group>"; };
		AA6D12F41AC304A2007A2019 /* Images.xcassets */ = {isa = PBXFileReference; lastKnownFileType = folder.assetcatalog; path = Images.xcassets; sourceTree = "<group>"; };
		AA6D12F71AC304A2007A2019 /* Base */ = {isa = PBXFileReference; lastKnownFileType = file.xib; name = Base; path = Base.lproj/LaunchScreen.xib; sourceTree = "<group>"; };
		AA6D12FD1AC304A2007A2019 /* TableViewTests.xctest */ = {isa = PBXFileReference; explicitFileType = wrapper.cfbundle; includeInIndex = 0; path = TableViewTests.xctest; sourceTree = BUILT_PRODUCTS_DIR; };
		AA6D13021AC304A2007A2019 /* Info.plist */ = {isa = PBXFileReference; lastKnownFileType = text.plist.xml; path = Info.plist; sourceTree = "<group>"; };
		AA6D13031AC304A2007A2019 /* TableViewTests.swift */ = {isa = PBXFileReference; lastKnownFileType = sourcecode.swift; path = TableViewTests.swift; sourceTree = "<group>"; };
		EC17F35E1B19AFEE00E8917D /* TimeMachine.swift */ = {isa = PBXFileReference; fileEncoding = 4; lastKnownFileType = sourcecode.swift; path = TimeMachine.swift; sourceTree = "<group>"; };
		EC17F3601B19B0BA00E8917D /* TimeMachineTests.swift */ = {isa = PBXFileReference; fileEncoding = 4; lastKnownFileType = sourcecode.swift; path = TimeMachineTests.swift; sourceTree = "<group>"; };
/* End PBXFileReference section */

/* Begin PBXFrameworksBuildPhase section */
		AA6D12E51AC304A2007A2019 /* Frameworks */ = {
			isa = PBXFrameworksBuildPhase;
			buildActionMask = 2147483647;
			files = (
			);
			runOnlyForDeploymentPostprocessing = 0;
		};
		AA6D12FA1AC304A2007A2019 /* Frameworks */ = {
			isa = PBXFrameworksBuildPhase;
			buildActionMask = 2147483647;
			files = (
			);
			runOnlyForDeploymentPostprocessing = 0;
		};
/* End PBXFrameworksBuildPhase section */

/* Begin PBXGroup section */
		AA6D12DF1AC304A2007A2019 = {
			isa = PBXGroup;
			children = (
				AA6D12EA1AC304A2007A2019 /* TableView */,
				AA6D13001AC304A2007A2019 /* TableViewTests */,
				AA6D12E91AC304A2007A2019 /* Products */,
			);
			sourceTree = "<group>";
		};
		AA6D12E91AC304A2007A2019 /* Products */ = {
			isa = PBXGroup;
			children = (
				AA6D12E81AC304A2007A2019 /* TableView.app */,
				AA6D12FD1AC304A2007A2019 /* TableViewTests.xctest */,
			);
			name = Products;
			sourceTree = "<group>";
		};
		AA6D12EA1AC304A2007A2019 /* TableView */ = {
			isa = PBXGroup;
			children = (
				AA6D12ED1AC304A2007A2019 /* AppDelegate.swift */,
				AA6D12EF1AC304A2007A2019 /* ViewController.swift */,
				EC17F35E1B19AFEE00E8917D /* TimeMachine.swift */,
				AA6D12F41AC304A2007A2019 /* Images.xcassets */,
				AA6D12F61AC304A2007A2019 /* LaunchScreen.xib */,
				AA6D12EB1AC304A2007A2019 /* Supporting Files */,
			);
			path = TableView;
			sourceTree = "<group>";
		};
		AA6D12EB1AC304A2007A2019 /* Supporting Files */ = {
			isa = PBXGroup;
			children = (
				AA6D12EC1AC304A2007A2019 /* Info.plist */,
			);
			name = "Supporting Files";
			sourceTree = "<group>";
		};
		AA6D13001AC304A2007A2019 /* TableViewTests */ = {
			isa = PBXGroup;
			children = (
				AA6D13031AC304A2007A2019 /* TableViewTests.swift */,
				EC17F3601B19B0BA00E8917D /* TimeMachineTests.swift */,
				AA6D13011AC304A2007A2019 /* Supporting Files */,
			);
			path = TableViewTests;
			sourceTree = "<group>";
		};
		AA6D13011AC304A2007A2019 /* Supporting Files */ = {
			isa = PBXGroup;
			children = (
				AA6D13021AC304A2007A2019 /* Info.plist */,
			);
			name = "Supporting Files";
			sourceTree = "<group>";
		};
/* End PBXGroup section */

/* Begin PBXNativeTarget section */
		AA6D12E71AC304A2007A2019 /* TableView */ = {
			isa = PBXNativeTarget;
			buildConfigurationList = AA6D13071AC304A2007A2019 /* Build configuration list for PBXNativeTarget "TableView" */;
			buildPhases = (
				AA6D12E41AC304A2007A2019 /* Sources */,
				AA6D12E51AC304A2007A2019 /* Frameworks */,
				AA6D12E61AC304A2007A2019 /* Resources */,
			);
			buildRules = (
			);
			dependencies = (
			);
			name = TableView;
			productName = TableView;
			productReference = AA6D12E81AC304A2007A2019 /* TableView.app */;
			productType = "com.apple.product-type.application";
		};
		AA6D12FC1AC304A2007A2019 /* TableViewTests */ = {
			isa = PBXNativeTarget;
			buildConfigurationList = AA6D130A1AC304A2007A2019 /* Build configuration list for PBXNativeTarget "TableViewTests" */;
			buildPhases = (
				AA6D12F91AC304A2007A2019 /* Sources */,
				AA6D12FA1AC304A2007A2019 /* Frameworks */,
				AA6D12FB1AC304A2007A2019 /* Resources */,
			);
			buildRules = (
			);
			dependencies = (
				AA6D12FF1AC304A2007A2019 /* PBXTargetDependency */,
			);
			name = TableViewTests;
			productName = TableViewTests;
			productReference = AA6D12FD1AC304A2007A2019 /* TableViewTests.xctest */;
			productType = "com.apple.product-type.bundle.unit-test";
		};
/* End PBXNativeTarget section */

/* Begin PBXProject section */
		AA6D12E01AC304A2007A2019 /* Project object */ = {
			isa = PBXProject;
			attributes = {
				LastUpgradeCheck = 0620;
				ORGANIZATIONNAME = "http://mowowstudios.com";
				TargetAttributes = {
					AA6D12E71AC304A2007A2019 = {
						CreatedOnToolsVersion = 6.2;
					};
					AA6D12FC1AC304A2007A2019 = {
						CreatedOnToolsVersion = 6.2;
						TestTargetID = AA6D12E71AC304A2007A2019;
					};
				};
			};
			buildConfigurationList = AA6D12E31AC304A2007A2019 /* Build configuration list for PBXProject "TableView" */;
			compatibilityVersion = "Xcode 3.2";
			developmentRegion = English;
			hasScannedForEncodings = 0;
			knownRegions = (
				en,
				Base,
			);
			mainGroup = AA6D12DF1AC304A2007A2019;
			productRefGroup = AA6D12E91AC304A2007A2019 /* Products */;
			projectDirPath = "";
			projectRoot = "";
			targets = (
				AA6D12E71AC304A2007A2019 /* TableView */,
				AA6D12FC1AC304A2007A2019 /* TableViewTests */,
			);
		};
/* End PBXProject section */

/* Begin PBXResourcesBuildPhase section */
		AA6D12E61AC304A2007A2019 /* Resources */ = {
			isa = PBXResourcesBuildPhase;
			buildActionMask = 2147483647;
			files = (
				AA6D12F81AC304A2007A2019 /* LaunchScreen.xib in Resources */,
				AA6D12F51AC304A2007A2019 /* Images.xcassets in Resources */,
			);
			runOnlyForDeploymentPostprocessing = 0;
		};
		AA6D12FB1AC304A2007A2019 /* Resources */ = {
			isa = PBXResourcesBuildPhase;
			buildActionMask = 2147483647;
			files = (
			);
			runOnlyForDeploymentPostprocessing = 0;
		};
/* End PBXResourcesBuildPhase section */

/* Begin PBXSourcesBuildPhase section */
		AA6D12E41AC304A2007A2019 /* Sources */ = {
			isa = PBXSourcesBuildPhase;
			buildActionMask = 2147483647;
			files = (
				EC17F35F1B19AFEE00E8917D /* TimeMachine.swift in Sources */,
				AA6D12F01AC304A2007A2019 /* ViewController.swift in Sources */,
				AA6D12EE1AC304A2007A2019 /* AppDelegate.swift in Sources */,
			);
			runOnlyForDeploymentPostprocessing = 0;
		};
		AA6D12F91AC304A2007A2019 /* Sources */ = {
			isa = PBXSourcesBuildPhase;
			buildActionMask = 2147483647;
			files = (
				EC17F3611B19B0BA00E8917D /* TimeMachineTests.swift in Sources */,
				AA6D13041AC304A2007A2019 /* TableViewTests.swift in Sources */,
			);
			runOnlyForDeploymentPostprocessing = 0;
		};
/* End PBXSourcesBuildPhase section */

/* Begin PBXTargetDependency section */
		AA6D12FF1AC304A2007A2019 /* PBXTargetDependency */ = {
			isa = PBXTargetDependency;
			target = AA6D12E71AC304A2007A2019 /* TableView */;
			targetProxy = AA6D12FE1AC304A2007A2019 /* PBXContainerItemProxy */;
		};
/* End PBXTargetDependency section */

/* Begin PBXVariantGroup section */
		AA6D12F61AC304A2007A2019 /* LaunchScreen.xib */ = {
			isa = PBXVariantGroup;
			children = (
				AA6D12F71AC304A2007A2019 /* Base */,
			);
			name = LaunchScreen.xib;
			sourceTree = "<group>";
		};
/* End PBXVariantGroup section */

/* Begin XCBuildConfiguration section */
		AA6D13051AC304A2007A2019 /* Debug */ = {
			isa = XCBuildConfiguration;
			buildSettings = {
				ALWAYS_SEARCH_USER_PATHS = NO;
				CLANG_CXX_LANGUAGE_STANDARD = "gnu++0x";
				CLANG_CXX_LIBRARY = "libc++";
				CLANG_ENABLE_MODULES = YES;
				CLANG_ENABLE_OBJC_ARC = YES;
				CLANG_WARN_BOOL_CONVERSION = YES;
				CLANG_WARN_CONSTANT_CONVERSION = YES;
				CLANG_WARN_DIRECT_OBJC_ISA_USAGE = YES_ERROR;
				CLANG_WARN_EMPTY_BODY = YES;
				CLANG_WARN_ENUM_CONVERSION = YES;
				CLANG_WARN_INT_CONVERSION = YES;
				CLANG_WARN_OBJC_ROOT_CLASS = YES_ERROR;
				CLANG_WARN_UNREACHABLE_CODE = YES;
				CLANG_WARN__DUPLICATE_METHOD_MATCH = YES;
				"CODE_SIGN_IDENTITY[sdk=iphoneos*]" = "iPhone Developer";
				COPY_PHASE_STRIP = NO;
				ENABLE_STRICT_OBJC_MSGSEND = YES;
				GCC_C_LANGUAGE_STANDARD = gnu99;
				GCC_DYNAMIC_NO_PIC = NO;
				GCC_OPTIMIZATION_LEVEL = 0;
				GCC_PREPROCESSOR_DEFINITIONS = (
					"DEBUG=1",
					"$(inherited)",
				);
				GCC_SYMBOLS_PRIVATE_EXTERN = NO;
				GCC_WARN_64_TO_32_BIT_CONVERSION = YES;
				GCC_WARN_ABOUT_RETURN_TYPE = YES_ERROR;
				GCC_WARN_UNDECLARED_SELECTOR = YES;
				GCC_WARN_UNINITIALIZED_AUTOS = YES_AGGRESSIVE;
				GCC_WARN_UNUSED_FUNCTION = YES;
				GCC_WARN_UNUSED_VARIABLE = YES;
				IPHONEOS_DEPLOYMENT_TARGET = 8.2;
				MTL_ENABLE_DEBUG_INFO = YES;
				ONLY_ACTIVE_ARCH = YES;
				SDKROOT = iphoneos;
				SWIFT_OPTIMIZATION_LEVEL = "-Onone";
			};
			name = Debug;
		};
		AA6D13061AC304A2007A2019 /* Release */ = {
			isa = XCBuildConfiguration;
			buildSettings = {
				ALWAYS_SEARCH_USER_PATHS = NO;
				CLANG_CXX_LANGUAGE_STANDARD = "gnu++0x";
				CLANG_CXX_LIBRARY = "libc++";
				CLANG_ENABLE_MODULES = YES;
				CLANG_ENABLE_OBJC_ARC = YES;
				CLANG_WARN_BOOL_CONVERSION = YES;
				CLANG_WARN_CONSTANT_CONVERSION = YES;
				CLANG_WARN_DIRECT_OBJC_ISA_USAGE = YES_ERROR;
				CLANG_WARN_EMPTY_BODY = YES;
				CLANG_WARN_ENUM_CONVERSION = YES;
				CLANG_WARN_INT_CONVERSION = YES;
				CLANG_WARN_OBJC_ROOT_CLASS = YES_ERROR;
				CLANG_WARN_UNREACHABLE_CODE = YES;
				CLANG_WARN__DUPLICATE_METHOD_MATCH = YES;
				"CODE_SIGN_IDENTITY[sdk=iphoneos*]" = "iPhone Developer";
				COPY_PHASE_STRIP = NO;
				ENABLE_NS_ASSERTIONS = NO;
				ENABLE_STRICT_OBJC_MSGSEND = YES;
				GCC_C_LANGUAGE_STANDARD = gnu99;
				GCC_WARN_64_TO_32_BIT_CONVERSION = YES;
				GCC_WARN_ABOUT_RETURN_TYPE = YES_ERROR;
				GCC_WARN_UNDECLARED_SELECTOR = YES;
				GCC_WARN_UNINITIALIZED_AUTOS = YES_AGGRESSIVE;
				GCC_WARN_UNUSED_FUNCTION = YES;
				GCC_WARN_UNUSED_VARIABLE = YES;
				IPHONEOS_DEPLOYMENT_TARGET = 8.2;
				MTL_ENABLE_DEBUG_INFO = NO;
				SDKROOT = iphoneos;
				VALIDATE_PRODUCT = YES;
			};
			name = Release;
		};
		AA6D13081AC304A2007A2019 /* Debug */ = {
			isa = XCBuildConfiguration;
			buildSettings = {
				ASSETCATALOG_COMPILER_APPICON_NAME = AppIcon;
				CODE_SIGN_IDENTITY = "iPhone Developer: Tudor Munteanu (7L7959LND3)";
				INFOPLIST_FILE = TableView/Info.plist;
				IPHONEOS_DEPLOYMENT_TARGET = 7.0;
				LD_RUNPATH_SEARCH_PATHS = "$(inherited) @executable_path/Frameworks";
				PRODUCT_NAME = "$(TARGET_NAME)";
				PROVISIONING_PROFILE = "6f9127da-1a18-424c-a89e-05eafeb551d3";
			};
			name = Debug;
		};
		AA6D13091AC304A2007A2019 /* Release */ = {
			isa = XCBuildConfiguration;
			buildSettings = {
				ASSETCATALOG_COMPILER_APPICON_NAME = AppIcon;
				INFOPLIST_FILE = TableView/Info.plist;
				IPHONEOS_DEPLOYMENT_TARGET = 7.0;
				LD_RUNPATH_SEARCH_PATHS = "$(inherited) @executable_path/Frameworks";
				PRODUCT_NAME = "$(TARGET_NAME)";
			};
			name = Release;
		};
		AA6D130B1AC304A2007A2019 /* Debug */ = {
			isa = XCBuildConfiguration;
			buildSettings = {
				BUNDLE_LOADER = "$(TEST_HOST)";
				FRAMEWORK_SEARCH_PATHS = (
					"$(SDKROOT)/Developer/Library/Frameworks",
					"$(inherited)",
				);
				GCC_PREPROCESSOR_DEFINITIONS = (
					"DEBUG=1",
					"$(inherited)",
				);
				INFOPLIST_FILE = TableViewTests/Info.plist;
				LD_RUNPATH_SEARCH_PATHS = "$(inherited) @executable_path/Frameworks @loader_path/Frameworks";
				PRODUCT_NAME = "$(TARGET_NAME)";
				TEST_HOST = "$(BUILT_PRODUCTS_DIR)/TableView.app/TableView";
			};
			name = Debug;
		};
		AA6D130C1AC304A2007A2019 /* Release */ = {
			isa = XCBuildConfiguration;
			buildSettings = {
				BUNDLE_LOADER = "$(TEST_HOST)";
				FRAMEWORK_SEARCH_PATHS = (
					"$(SDKROOT)/Developer/Library/Frameworks",
					"$(inherited)",
				);
				INFOPLIST_FILE = TableViewTests/Info.plist;
				LD_RUNPATH_SEARCH_PATHS = "$(inherited) @executable_path/Frameworks @loader_path/Frameworks";
				PRODUCT_NAME = "$(TARGET_NAME)";
				TEST_HOST = "$(BUILT_PRODUCTS_DIR)/TableView.app/TableView";
			};
			name = Release;
		};
/* End XCBuildConfiguration section */

/* Begin XCConfigurationList section */
		AA6D12E31AC304A2007A2019 /* Build configuration list for PBXProject "TableView" */ = {
			isa = XCConfigurationList;
			buildConfigurations = (
				AA6D13051AC304A2007A2019 /* Debug */,
				AA6D13061AC304A2007A2019 /* Release */,
			);
			defaultConfigurationIsVisible = 0;
			defaultConfigurationName = Release;
		};
		AA6D13071AC304A2007A2019 /* Build configuration list for PBXNativeTarget "TableView" */ = {
			isa = XCConfigurationList;
			buildConfigurations = (
				AA6D13081AC304A2007A2019 /* Debug */,
				AA6D13091AC304A2007A2019 /* Release */,
			);
			defaultConfigurationIsVisible = 0;
			defaultConfigurationName = Release;
		};
		AA6D130A1AC304A2007A2019 /* Build configuration list for PBXNativeTarget "TableViewTests" */ = {
			isa = XCConfigurationList;
			buildConfigurations = (
				AA6D130B1AC304A2007A2019 /* Debug */,
				AA6D130C1AC304A2007A2019 /* Release */,
			);
			defaultConfigurationIsVisible = 0;
			defaultConfigurationName = Release;
		};
/* End XCConfigurationList section */
	};
	rootObject = AA6D12E01AC304A2007A2019 /* Project object */;
}
